
Microsoft Visual Studio Solution File, Format Version 12.00
# Visual Studio Version 16
VisualStudioVersion = 16.0.31424.327
MinimumVisualStudioVersion = 10.0.40219.1
Project("{FAE04EC0-301F-11D3-BF4B-00C04F79EFBC}") = "LoginProject", "LoginProject.csproj", "{2C7F0CB6-79F4-4506-814C-FEC2B6D0F1FF}"
EndProject
Global
	GlobalSection(SolutionConfigurationPlatforms) = preSolution
		Debug|Any CPU = Debug|Any CPU
		Release|Any CPU = Release|Any CPU
	EndGlobalSection
	GlobalSection(ProjectConfigurationPlatforms) = postSolution
		{2C7F0CB6-79F4-4506-814C-FEC2B6D0F1FF}.Debug|Any CPU.ActiveCfg = Debug|Any CPU
		{2C7F0CB6-79F4-4506-814C-FEC2B6D0F1FF}.Debug|Any CPU.Build.0 = Debug|Any CPU
		{2C7F0CB6-79F4-4506-814C-FEC2B6D0F1FF}.Release|Any CPU.ActiveCfg = Release|Any CPU
		{2C7F0CB6-79F4-4506-814C-FEC2B6D0F1FF}.Release|Any CPU.Build.0 = Release|Any CPU
	EndGlobalSection
	GlobalSection(SolutionProperties) = preSolution
		HideSolutionNode = FALSE
	EndGlobalSection
	GlobalSection(ExtensibilityGlobals) = postSolution
		SolutionGuid = {61000D77-E85F-446A-9588-0D84FF7B29D4}
	EndGlobalSection
EndGlobal
